
Microsoft Visual Studio Solution File, Format Version 12.00
# Visual Studio Version 16
VisualStudioVersion = 16.0.30011.22
MinimumVisualStudioVersion = 10.0.40219.1
Project("{FAE04EC0-301F-11D3-BF4B-00C04F79EFBC}") = "water_final_project", "water_final_project\water_final_project.csproj", "{C226C4A3-D72B-412E-AB0A-6073CC7B8B13}"
EndProject
Global
	GlobalSection(SolutionConfigurationPlatforms) = preSolution
		Debug|Any CPU = Debug|Any CPU
		Release|Any CPU = Release|Any CPU
	EndGlobalSection
	GlobalSection(ProjectConfigurationPlatforms) = postSolution
		{C226C4A3-D72B-412E-AB0A-6073CC7B8B13}.Debug|Any CPU.ActiveCfg = Debug|Any CPU
		{C226C4A3-D72B-412E-AB0A-6073CC7B8B13}.Debug|Any CPU.Build.0 = Debug|Any CPU
		{C226C4A3-D72B-412E-AB0A-6073CC7B8B13}.Release|Any CPU.ActiveCfg = Release|Any CPU
		{C226C4A3-D72B-412E-AB0A-6073CC7B8B13}.Release|Any CPU.Build.0 = Release|Any CPU
	EndGlobalSection
	GlobalSection(SolutionProperties) = preSolution
		HideSolutionNode = FALSE
	EndGlobalSection
	GlobalSection(ExtensibilityGlobals) = postSolution
		SolutionGuid = {C2DE7769-81B9-4EB9-97DE-13B0AA8C5817}
	EndGlobalSection
EndGlobal
